
Microsoft Visual Studio Solution File, Format Version 12.00
# Visual Studio Version 17
VisualStudioVersion = 17.3.32819.101
MinimumVisualStudioVersion = 10.0.40219.1
Project("{FAE04EC0-301F-11D3-BF4B-00C04F79EFBC}") = "OPERACIONES BASICAS COLA", "OPERACIONES BASICAS COLA\OPERACIONES BASICAS COLA.csproj", "{B545B010-52D3-4F41-82A2-2391CD938BB0}"
EndProject
Global
	GlobalSection(SolutionConfigurationPlatforms) = preSolution
		Debug|Any CPU = Debug|Any CPU
		Release|Any CPU = Release|Any CPU
	EndGlobalSection
	GlobalSection(ProjectConfigurationPlatforms) = postSolution
		{B545B010-52D3-4F41-82A2-2391CD938BB0}.Debug|Any CPU.ActiveCfg = Debug|Any CPU
		{B545B010-52D3-4F41-82A2-2391CD938BB0}.Debug|Any CPU.Build.0 = Debug|Any CPU
		{B545B010-52D3-4F41-82A2-2391CD938BB0}.Release|Any CPU.ActiveCfg = Release|Any CPU
		{B545B010-52D3-4F41-82A2-2391CD938BB0}.Release|Any CPU.Build.0 = Release|Any CPU
	EndGlobalSection
	GlobalSection(SolutionProperties) = preSolution
		HideSolutionNode = FALSE
	EndGlobalSection
	GlobalSection(ExtensibilityGlobals) = postSolution
		SolutionGuid = {BA50EEE9-B556-484E-8A71-8DE93D01C3E0}
	EndGlobalSection
EndGlobal
